{
  "name": "brolang",
  "version": "0.1.0",
  "lockfileVersion": 3,
  "requires": true,
  "packages": {
    "": {
      "name": "brolang",
      "version": "0.1.0",
      "license": "MIT",
      "bin": {
        "bro": "bin/bro.js"
      },
      "engines": {
        "node": ">=14.0.0"
      }
    }
  }
}
